
Microsoft Visual Studio Solution File, Format Version 12.00
# Visual Studio 15
VisualStudioVersion = 15.0.27130.2036
MinimumVisualStudioVersion = 10.0.40219.1
Project("{FAE04EC0-301F-11D3-BF4B-00C04F79EFBC}") = "UsingAppDomins", "UsingAppDomins\UsingAppDomins.csproj", "{1070DF1C-EF37-48FF-92E1-8DCC63BB32F3}"
EndProject
Project("{FAE04EC0-301F-11D3-BF4B-00C04F79EFBC}") = "TextWindow", "TextWindow\TextWindow.csproj", "{BD5514CE-7779-44B7-9503-4BCE8BEC3983}"
EndProject
Project("{FAE04EC0-301F-11D3-BF4B-00C04F79EFBC}") = "TextDrawer", "TextDrawer\TextDrawer.csproj", "{27CDFDA9-C3B0-42BD-BD57-D1DDE3624DF5}"
EndProject
Global
	GlobalSection(SolutionConfigurationPlatforms) = preSolution
		Debug|Any CPU = Debug|Any CPU
		Release|Any CPU = Release|Any CPU
	EndGlobalSection
	GlobalSection(ProjectConfigurationPlatforms) = postSolution
		{1070DF1C-EF37-48FF-92E1-8DCC63BB32F3}.Debug|Any CPU.ActiveCfg = Debug|Any CPU
		{1070DF1C-EF37-48FF-92E1-8DCC63BB32F3}.Debug|Any CPU.Build.0 = Debug|Any CPU
		{1070DF1C-EF37-48FF-92E1-8DCC63BB32F3}.Release|Any CPU.ActiveCfg = Release|Any CPU
		{1070DF1C-EF37-48FF-92E1-8DCC63BB32F3}.Release|Any CPU.Build.0 = Release|Any CPU
		{BD5514CE-7779-44B7-9503-4BCE8BEC3983}.Debug|Any CPU.ActiveCfg = Debug|Any CPU
		{BD5514CE-7779-44B7-9503-4BCE8BEC3983}.Debug|Any CPU.Build.0 = Debug|Any CPU
		{BD5514CE-7779-44B7-9503-4BCE8BEC3983}.Release|Any CPU.ActiveCfg = Release|Any CPU
		{BD5514CE-7779-44B7-9503-4BCE8BEC3983}.Release|Any CPU.Build.0 = Release|Any CPU
		{27CDFDA9-C3B0-42BD-BD57-D1DDE3624DF5}.Debug|Any CPU.ActiveCfg = Debug|Any CPU
		{27CDFDA9-C3B0-42BD-BD57-D1DDE3624DF5}.Debug|Any CPU.Build.0 = Debug|Any CPU
		{27CDFDA9-C3B0-42BD-BD57-D1DDE3624DF5}.Release|Any CPU.ActiveCfg = Release|Any CPU
		{27CDFDA9-C3B0-42BD-BD57-D1DDE3624DF5}.Release|Any CPU.Build.0 = Release|Any CPU
	EndGlobalSection
	GlobalSection(SolutionProperties) = preSolution
		HideSolutionNode = FALSE
	EndGlobalSection
	GlobalSection(ExtensibilityGlobals) = postSolution
		SolutionGuid = {C07FEA73-4062-4EFC-A555-DFC430884F28}
	EndGlobalSection
EndGlobal
