
Microsoft Visual Studio Solution File, Format Version 12.00
# Visual Studio 15
VisualStudioVersion = 15.0.27130.2036
MinimumVisualStudioVersion = 10.0.40219.1
Project("{FAE04EC0-301F-11D3-BF4B-00C04F79EFBC}") = "ConsoleApp1", "ConsoleApp1\ConsoleApp1.csproj", "{0897DD36-F42F-41EF-9033-9734335AAE9B}"
EndProject
Global
	GlobalSection(SolutionConfigurationPlatforms) = preSolution
		Debug|Any CPU = Debug|Any CPU
		Release|Any CPU = Release|Any CPU
	EndGlobalSection
	GlobalSection(ProjectConfigurationPlatforms) = postSolution
		{0897DD36-F42F-41EF-9033-9734335AAE9B}.Debug|Any CPU.ActiveCfg = Debug|Any CPU
		{0897DD36-F42F-41EF-9033-9734335AAE9B}.Debug|Any CPU.Build.0 = Debug|Any CPU
		{0897DD36-F42F-41EF-9033-9734335AAE9B}.Release|Any CPU.ActiveCfg = Release|Any CPU
		{0897DD36-F42F-41EF-9033-9734335AAE9B}.Release|Any CPU.Build.0 = Release|Any CPU
	EndGlobalSection
	GlobalSection(SolutionProperties) = preSolution
		HideSolutionNode = FALSE
	EndGlobalSection
	GlobalSection(ExtensibilityGlobals) = postSolution
		SolutionGuid = {04E60D40-1310-4262-B43A-F34565601C92}
	EndGlobalSection
EndGlobal
