
Microsoft Visual Studio Solution File, Format Version 12.00
# Visual Studio 15
VisualStudioVersion = 15.0.27130.2036
MinimumVisualStudioVersion = 10.0.40219.1
Project("{FAE04EC0-301F-11D3-BF4B-00C04F79EFBC}") = "AppDimainDynamicUnload", "AppDimainDynamicUnload\AppDimainDynamicUnload.csproj", "{23A29BB6-F0E8-419A-B1AD-55ECBEBB2966}"
EndProject
Project("{FAE04EC0-301F-11D3-BF4B-00C04F79EFBC}") = "SampleLibrary", "SampleLibrary\SampleLibrary.csproj", "{9F730F54-F20D-4187-AD7E-51A61061EEA1}"
EndProject
Global
	GlobalSection(SolutionConfigurationPlatforms) = preSolution
		Debug|Any CPU = Debug|Any CPU
		Release|Any CPU = Release|Any CPU
	EndGlobalSection
	GlobalSection(ProjectConfigurationPlatforms) = postSolution
		{23A29BB6-F0E8-419A-B1AD-55ECBEBB2966}.Debug|Any CPU.ActiveCfg = Debug|Any CPU
		{23A29BB6-F0E8-419A-B1AD-55ECBEBB2966}.Debug|Any CPU.Build.0 = Debug|Any CPU
		{23A29BB6-F0E8-419A-B1AD-55ECBEBB2966}.Release|Any CPU.ActiveCfg = Release|Any CPU
		{23A29BB6-F0E8-419A-B1AD-55ECBEBB2966}.Release|Any CPU.Build.0 = Release|Any CPU
		{9F730F54-F20D-4187-AD7E-51A61061EEA1}.Debug|Any CPU.ActiveCfg = Debug|Any CPU
		{9F730F54-F20D-4187-AD7E-51A61061EEA1}.Debug|Any CPU.Build.0 = Debug|Any CPU
		{9F730F54-F20D-4187-AD7E-51A61061EEA1}.Release|Any CPU.ActiveCfg = Release|Any CPU
		{9F730F54-F20D-4187-AD7E-51A61061EEA1}.Release|Any CPU.Build.0 = Release|Any CPU
	EndGlobalSection
	GlobalSection(SolutionProperties) = preSolution
		HideSolutionNode = FALSE
	EndGlobalSection
	GlobalSection(ExtensibilityGlobals) = postSolution
		SolutionGuid = {4CDD6A11-3398-4AF3-A8B1-687E89DC764E}
	EndGlobalSection
EndGlobal
