
Microsoft Visual Studio Solution File, Format Version 12.00
# Visual Studio 15
VisualStudioVersion = 15.0.27130.2036
MinimumVisualStudioVersion = 10.0.40219.1
Project("{FAE04EC0-301F-11D3-BF4B-00C04F79EFBC}") = "WindowsFormsApp1", "WindowsFormsApp1\WindowsFormsApp1.csproj", "{5D7F6DA1-1B9C-4BAD-9D81-C6B7B2DE31EC}"
EndProject
Global
	GlobalSection(SolutionConfigurationPlatforms) = preSolution
		Debug|Any CPU = Debug|Any CPU
		Release|Any CPU = Release|Any CPU
	EndGlobalSection
	GlobalSection(ProjectConfigurationPlatforms) = postSolution
		{5D7F6DA1-1B9C-4BAD-9D81-C6B7B2DE31EC}.Debug|Any CPU.ActiveCfg = Debug|Any CPU
		{5D7F6DA1-1B9C-4BAD-9D81-C6B7B2DE31EC}.Debug|Any CPU.Build.0 = Debug|Any CPU
		{5D7F6DA1-1B9C-4BAD-9D81-C6B7B2DE31EC}.Release|Any CPU.ActiveCfg = Release|Any CPU
		{5D7F6DA1-1B9C-4BAD-9D81-C6B7B2DE31EC}.Release|Any CPU.Build.0 = Release|Any CPU
	EndGlobalSection
	GlobalSection(SolutionProperties) = preSolution
		HideSolutionNode = FALSE
	EndGlobalSection
	GlobalSection(ExtensibilityGlobals) = postSolution
		SolutionGuid = {BF3E78FF-41D2-427A-91EF-BF0EC180F423}
	EndGlobalSection
EndGlobal
